
Microsoft Visual Studio Solution File, Format Version 12.00
# Visual Studio Version 16
VisualStudioVersion = 16.0.29709.97
MinimumVisualStudioVersion = 10.0.40219.1
Project("{FAE04EC0-301F-11D3-BF4B-00C04F79EFBC}") = "RS.Bots.App", "RS.Bots.App\RS.Bots.App.csproj", "{2062C558-A0B7-4842-9A05-A47AC552E934}"
EndProject
Project("{FAE04EC0-301F-11D3-BF4B-00C04F79EFBC}") = "RS.Bots.ClickBot", "RS.Bots.ClickBot\RS.Bots.ClickBot.csproj", "{179EF370-5F36-44B0-B24E-6D85F65256C7}"
EndProject
Project("{FAE04EC0-301F-11D3-BF4B-00C04F79EFBC}") = "RS.Bots.Domain", "RS.Bots.Domain\RS.Bots.Domain.csproj", "{86876A88-B0B3-4181-957B-63407E23869B}"
EndProject
Project("{FAE04EC0-301F-11D3-BF4B-00C04F79EFBC}") = "RS.Bots.UIControl", "RS.Bots.UIControl\RS.Bots.UIControl.csproj", "{2ACC774F-5B46-43C8-9E13-373306AE6DEC}"
EndProject
Global
	GlobalSection(SolutionConfigurationPlatforms) = preSolution
		Debug|Any CPU = Debug|Any CPU
		Release|Any CPU = Release|Any CPU
	EndGlobalSection
	GlobalSection(ProjectConfigurationPlatforms) = postSolution
		{2062C558-A0B7-4842-9A05-A47AC552E934}.Debug|Any CPU.ActiveCfg = Debug|Any CPU
		{2062C558-A0B7-4842-9A05-A47AC552E934}.Debug|Any CPU.Build.0 = Debug|Any CPU
		{2062C558-A0B7-4842-9A05-A47AC552E934}.Release|Any CPU.ActiveCfg = Release|Any CPU
		{2062C558-A0B7-4842-9A05-A47AC552E934}.Release|Any CPU.Build.0 = Release|Any CPU
		{179EF370-5F36-44B0-B24E-6D85F65256C7}.Debug|Any CPU.ActiveCfg = Debug|Any CPU
		{179EF370-5F36-44B0-B24E-6D85F65256C7}.Debug|Any CPU.Build.0 = Debug|Any CPU
		{179EF370-5F36-44B0-B24E-6D85F65256C7}.Release|Any CPU.ActiveCfg = Release|Any CPU
		{179EF370-5F36-44B0-B24E-6D85F65256C7}.Release|Any CPU.Build.0 = Release|Any CPU
		{86876A88-B0B3-4181-957B-63407E23869B}.Debug|Any CPU.ActiveCfg = Debug|Any CPU
		{86876A88-B0B3-4181-957B-63407E23869B}.Debug|Any CPU.Build.0 = Debug|Any CPU
		{86876A88-B0B3-4181-957B-63407E23869B}.Release|Any CPU.ActiveCfg = Release|Any CPU
		{86876A88-B0B3-4181-957B-63407E23869B}.Release|Any CPU.Build.0 = Release|Any CPU
		{2ACC774F-5B46-43C8-9E13-373306AE6DEC}.Debug|Any CPU.ActiveCfg = Debug|Any CPU
		{2ACC774F-5B46-43C8-9E13-373306AE6DEC}.Debug|Any CPU.Build.0 = Debug|Any CPU
		{2ACC774F-5B46-43C8-9E13-373306AE6DEC}.Release|Any CPU.ActiveCfg = Release|Any CPU
		{2ACC774F-5B46-43C8-9E13-373306AE6DEC}.Release|Any CPU.Build.0 = Release|Any CPU
	EndGlobalSection
	GlobalSection(SolutionProperties) = preSolution
		HideSolutionNode = FALSE
	EndGlobalSection
	GlobalSection(ExtensibilityGlobals) = postSolution
		SolutionGuid = {A7AC7C12-CA63-48A6-B238-96656A05ECDF}
	EndGlobalSection
EndGlobal
